{
  "name": "dita-bootstrap.lunr",
  "lockfileVersion": 2,
  "requires": true,
  "packages": {
    "": {
      "name": "dita-bootstrap.lunr",
      "license": "Apache-2.0",
      "devDependencies": {
        "@prettier/plugin-xml": "3.4.1",
        "lefthook": "^1.8.4",
        "lunr": "^2.3.9",
        "lunr-languages": "^1.14.0",
        "prettier": "3.3.3"
      }
    },
    "node_modules/@prettier/plugin-xml": {
      "version": "3.4.1",
      "resolved": "https://registry.npmjs.org/@prettier/plugin-xml/-/plugin-xml-3.4.1.tgz",
      "integrity": "sha512-Uf/6/+9ez6z/IvZErgobZ2G9n1ybxF5BhCd7eMcKqfoWuOzzNUxBipNo3QAP8kRC1VD18TIo84no7LhqtyDcTg==",
      "dev": true,
      "dependencies": {
        "@xml-tools/parser": "^1.0.11"
      },
      "peerDependencies": {
        "prettier": "^3.0.0"
      }
    },
    "node_modules/@xml-tools/parser": {
      "version": "1.0.11",
      "resolved": "https://registry.npmjs.org/@xml-tools/parser/-/parser-1.0.11.tgz",
      "integrity": "sha512-aKqQ077XnR+oQtHJlrAflaZaL7qZsulWc/i/ZEooar5JiWj1eLt0+Wg28cpa+XLney107wXqneC+oG1IZvxkTA==",
      "dev": true,
      "dependencies": {
        "chevrotain": "7.1.1"
      }
    },
    "node_modules/chevrotain": {
      "version": "7.1.1",
      "resolved": "https://registry.npmjs.org/chevrotain/-/chevrotain-7.1.1.tgz",
      "integrity": "sha512-wy3mC1x4ye+O+QkEinVJkPf5u2vsrDIYW9G7ZuwFl6v/Yu0LwUuT2POsb+NUWApebyxfkQq6+yDfRExbnI5rcw==",
      "dev": true,
      "dependencies": {
        "regexp-to-ast": "0.5.0"
      }
    },
    "node_modules/lefthook": {
      "version": "1.8.4",
      "resolved": "https://registry.npmjs.org/lefthook/-/lefthook-1.8.4.tgz",
      "integrity": "sha512-XNyMaTWNRuADOaocYiHidgNkNDz8SCekpdNJ7lqceFcBT2zjumnb28/o7IMaNROpLBZdQkLkJXSeaQWGqn3kog==",
      "dev": true,
      "hasInstallScript": true,
      "bin": {
        "lefthook": "bin/index.js"
      },
      "optionalDependencies": {
        "lefthook-darwin-arm64": "1.8.4",
        "lefthook-darwin-x64": "1.8.4",
        "lefthook-freebsd-arm64": "1.8.4",
        "lefthook-freebsd-x64": "1.8.4",
        "lefthook-linux-arm64": "1.8.4",
        "lefthook-linux-x64": "1.8.4",
        "lefthook-openbsd-arm64": "1.8.4",
        "lefthook-openbsd-x64": "1.8.4",
        "lefthook-windows-arm64": "1.8.4",
        "lefthook-windows-x64": "1.8.4"
      }
    },
    "node_modules/lefthook-darwin-arm64": {
      "version": "1.8.4",
      "resolved": "https://registry.npmjs.org/lefthook-darwin-arm64/-/lefthook-darwin-arm64-1.8.4.tgz",
      "integrity": "sha512-OS5MsU0gvd8LYSpuQCHtmDUqwNrJ/LjCO0LGC1wNepY4OkuVl9DfX+rQ506CVUQYZiGVcwy2/qPOOBjNzA5+wQ==",
      "cpu": [
        "arm64"
      ],
      "dev": true,
      "optional": true,
      "os": [
        "darwin"
      ]
    },
    "node_modules/lefthook-darwin-x64": {
      "version": "1.8.4",
      "resolved": "https://registry.npmjs.org/lefthook-darwin-x64/-/lefthook-darwin-x64-1.8.4.tgz",
      "integrity": "sha512-QLRsqK9aTMRcVW8qz4pzI2OWnGCEcaEPJlIiFjwstYsS+wfkooxOS0UkfVMjy+QoGgEcki+cxF/FoY7lE7DDtw==",
      "cpu": [
        "x64"
      ],
      "dev": true,
      "optional": true,
      "os": [
        "darwin"
      ]
    },
    "node_modules/lefthook-freebsd-arm64": {
      "version": "1.8.4",
      "resolved": "https://registry.npmjs.org/lefthook-freebsd-arm64/-/lefthook-freebsd-arm64-1.8.4.tgz",
      "integrity": "sha512-chnQ1m/Cmn9c0sLdk5HL2SToE5LBJv5uQMdH1IGRRcw+nEqWqrMnDXvM75caiJAyjmUGvPH3czKTJDzTFV1E+A==",
      "cpu": [
        "arm64"
      ],
      "dev": true,
      "optional": true,
      "os": [
        "freebsd"
      ]
    },
    "node_modules/lefthook-freebsd-x64": {
      "version": "1.8.4",
      "resolved": "https://registry.npmjs.org/lefthook-freebsd-x64/-/lefthook-freebsd-x64-1.8.4.tgz",
      "integrity": "sha512-KQi+WBUdnGLnK0rHOR58kbMH5TDVN1ZjZLu66Pv9FCG7Y7shR1qtaTXu+wmxdRhMvaLeQIXRsUEPjNRC66yMmA==",
      "cpu": [
        "x64"
      ],
      "dev": true,
      "optional": true,
      "os": [
        "freebsd"
      ]
    },
    "node_modules/lefthook-linux-arm64": {
      "version": "1.8.4",
      "resolved": "https://registry.npmjs.org/lefthook-linux-arm64/-/lefthook-linux-arm64-1.8.4.tgz",
      "integrity": "sha512-CXNcqIskLwTwQARidGdFqmNxpvOU3jsWPK4KA7pq2+QmlWJ64w98ebMvNBoUmRUCXqzmUm7Udf/jpfz2fobewQ==",
      "cpu": [
        "arm64"
      ],
      "dev": true,
      "optional": true,
      "os": [
        "linux"
      ]
    },
    "node_modules/lefthook-linux-x64": {
      "version": "1.8.4",
      "resolved": "https://registry.npmjs.org/lefthook-linux-x64/-/lefthook-linux-x64-1.8.4.tgz",
      "integrity": "sha512-pVNITkFBxUCEtamWSM/res2Gd48+m9YKbNyIBndAuZVC5pKV5aGKZy2DNq6PWUPYiUDPx+7hoAtCJg/tlAiqhw==",
      "cpu": [
        "x64"
      ],
      "dev": true,
      "optional": true,
      "os": [
        "linux"
      ]
    },
    "node_modules/lefthook-openbsd-arm64": {
      "version": "1.8.4",
      "resolved": "https://registry.npmjs.org/lefthook-openbsd-arm64/-/lefthook-openbsd-arm64-1.8.4.tgz",
      "integrity": "sha512-l+i/Dg5X36kYzhpMGSPE3rMbWy1KSytbLB9lY1PmxYb6LRH6iQTYIoxvLabVUwSBPSq8HtIFa50+bvC5+scfVA==",
      "cpu": [
        "arm64"
      ],
      "dev": true,
      "optional": true,
      "os": [
        "openbsd"
      ]
    },
    "node_modules/lefthook-openbsd-x64": {
      "version": "1.8.4",
      "resolved": "https://registry.npmjs.org/lefthook-openbsd-x64/-/lefthook-openbsd-x64-1.8.4.tgz",
      "integrity": "sha512-CqhDDPPX8oHzMLgNi/Reba823DRzj+eMNWQ8axvSiIG+zmG1w20xZH5QSs/mD3tjrND90yfDd90mWMt181qPyA==",
      "cpu": [
        "x64"
      ],
      "dev": true,
      "optional": true,
      "os": [
        "openbsd"
      ]
    },
    "node_modules/lefthook-windows-arm64": {
      "version": "1.8.4",
      "resolved": "https://registry.npmjs.org/lefthook-windows-arm64/-/lefthook-windows-arm64-1.8.4.tgz",
      "integrity": "sha512-dvpvorICmVjmw29Aiczg7DcaSzkd86bEBomiGq4UsAEk3+7ExLrlWJDLFsI6xLjMKmTxy+F7eXb2uDtuFC1N4g==",
      "cpu": [
        "arm64"
      ],
      "dev": true,
      "optional": true,
      "os": [
        "win32"
      ]
    },
    "node_modules/lefthook-windows-x64": {
      "version": "1.8.4",
      "resolved": "https://registry.npmjs.org/lefthook-windows-x64/-/lefthook-windows-x64-1.8.4.tgz",
      "integrity": "sha512-e+y8Jt4/7PnoplhOuK48twjGVJEsU4T3J5kxD4mWfl6Cbit0YSn4bme9nW41eqCqTUqOm+ky29XlfnPHFX5ZNA==",
      "cpu": [
        "x64"
      ],
      "dev": true,
      "optional": true,
      "os": [
        "win32"
      ]
    },
    "node_modules/lunr": {
      "version": "2.3.9",
      "resolved": "https://registry.npmjs.org/lunr/-/lunr-2.3.9.tgz",
      "integrity": "sha512-zTU3DaZaF3Rt9rhN3uBMGQD3dD2/vFQqnvZCDv4dl5iOzq2IZQqTxu90r4E5J+nP70J3ilqVCrbho2eWaeW8Ow==",
      "dev": true
    },
    "node_modules/lunr-languages": {
      "version": "1.14.0",
      "resolved": "https://registry.npmjs.org/lunr-languages/-/lunr-languages-1.14.0.tgz",
      "integrity": "sha512-hWUAb2KqM3L7J5bcrngszzISY4BxrXn/Xhbb9TTCJYEGqlR1nG67/M14sp09+PTIRklobrn57IAxcdcO/ZFyNA==",
      "dev": true
    },
    "node_modules/prettier": {
      "version": "3.3.3",
      "resolved": "https://registry.npmjs.org/prettier/-/prettier-3.3.3.tgz",
      "integrity": "sha512-i2tDNA0O5IrMO757lfrdQZCc2jPNDVntV0m/+4whiDfWaTKfMNgR7Qz0NAeGz/nRqF4m5/6CLzbP4/liHt12Ew==",
      "dev": true,
      "bin": {
        "prettier": "bin/prettier.cjs"
      },
      "engines": {
        "node": ">=14"
      },
      "funding": {
        "url": "https://github.com/prettier/prettier?sponsor=1"
      }
    },
    "node_modules/regexp-to-ast": {
      "version": "0.5.0",
      "resolved": "https://registry.npmjs.org/regexp-to-ast/-/regexp-to-ast-0.5.0.tgz",
      "integrity": "sha512-tlbJqcMHnPKI9zSrystikWKwHkBqu2a/Sgw01h3zFjvYrMxEDYHzzoMZnUrbIfpTFEsoRnnviOXNCzFiSc54Qw==",
      "dev": true
    }
  },
  "dependencies": {
    "@prettier/plugin-xml": {
      "version": "3.4.1",
      "resolved": "https://registry.npmjs.org/@prettier/plugin-xml/-/plugin-xml-3.4.1.tgz",
      "integrity": "sha512-Uf/6/+9ez6z/IvZErgobZ2G9n1ybxF5BhCd7eMcKqfoWuOzzNUxBipNo3QAP8kRC1VD18TIo84no7LhqtyDcTg==",
      "dev": true,
      "requires": {
        "@xml-tools/parser": "^1.0.11"
      }
    },
    "@xml-tools/parser": {
      "version": "1.0.11",
      "resolved": "https://registry.npmjs.org/@xml-tools/parser/-/parser-1.0.11.tgz",
      "integrity": "sha512-aKqQ077XnR+oQtHJlrAflaZaL7qZsulWc/i/ZEooar5JiWj1eLt0+Wg28cpa+XLney107wXqneC+oG1IZvxkTA==",
      "dev": true,
      "requires": {
        "chevrotain": "7.1.1"
      }
    },
    "chevrotain": {
      "version": "7.1.1",
      "resolved": "https://registry.npmjs.org/chevrotain/-/chevrotain-7.1.1.tgz",
      "integrity": "sha512-wy3mC1x4ye+O+QkEinVJkPf5u2vsrDIYW9G7ZuwFl6v/Yu0LwUuT2POsb+NUWApebyxfkQq6+yDfRExbnI5rcw==",
      "dev": true,
      "requires": {
        "regexp-to-ast": "0.5.0"
      }
    },
    "lefthook": {
      "version": "1.8.4",
      "resolved": "https://registry.npmjs.org/lefthook/-/lefthook-1.8.4.tgz",
      "integrity": "sha512-XNyMaTWNRuADOaocYiHidgNkNDz8SCekpdNJ7lqceFcBT2zjumnb28/o7IMaNROpLBZdQkLkJXSeaQWGqn3kog==",
      "dev": true,
      "requires": {
        "lefthook-darwin-arm64": "1.8.4",
        "lefthook-darwin-x64": "1.8.4",
        "lefthook-freebsd-arm64": "1.8.4",
        "lefthook-freebsd-x64": "1.8.4",
        "lefthook-linux-arm64": "1.8.4",
        "lefthook-linux-x64": "1.8.4",
        "lefthook-openbsd-arm64": "1.8.4",
        "lefthook-openbsd-x64": "1.8.4",
        "lefthook-windows-arm64": "1.8.4",
        "lefthook-windows-x64": "1.8.4"
      }
    },
    "lefthook-darwin-arm64": {
      "version": "1.8.4",
      "resolved": "https://registry.npmjs.org/lefthook-darwin-arm64/-/lefthook-darwin-arm64-1.8.4.tgz",
      "integrity": "sha512-OS5MsU0gvd8LYSpuQCHtmDUqwNrJ/LjCO0LGC1wNepY4OkuVl9DfX+rQ506CVUQYZiGVcwy2/qPOOBjNzA5+wQ==",
      "dev": true,
      "optional": true
    },
    "lefthook-darwin-x64": {
      "version": "1.8.4",
      "resolved": "https://registry.npmjs.org/lefthook-darwin-x64/-/lefthook-darwin-x64-1.8.4.tgz",
      "integrity": "sha512-QLRsqK9aTMRcVW8qz4pzI2OWnGCEcaEPJlIiFjwstYsS+wfkooxOS0UkfVMjy+QoGgEcki+cxF/FoY7lE7DDtw==",
      "dev": true,
      "optional": true
    },
    "lefthook-freebsd-arm64": {
      "version": "1.8.4",
      "resolved": "https://registry.npmjs.org/lefthook-freebsd-arm64/-/lefthook-freebsd-arm64-1.8.4.tgz",
      "integrity": "sha512-chnQ1m/Cmn9c0sLdk5HL2SToE5LBJv5uQMdH1IGRRcw+nEqWqrMnDXvM75caiJAyjmUGvPH3czKTJDzTFV1E+A==",
      "dev": true,
      "optional": true
    },
    "lefthook-freebsd-x64": {
      "version": "1.8.4",
      "resolved": "https://registry.npmjs.org/lefthook-freebsd-x64/-/lefthook-freebsd-x64-1.8.4.tgz",
      "integrity": "sha512-KQi+WBUdnGLnK0rHOR58kbMH5TDVN1ZjZLu66Pv9FCG7Y7shR1qtaTXu+wmxdRhMvaLeQIXRsUEPjNRC66yMmA==",
      "dev": true,
      "optional": true
    },
    "lefthook-linux-arm64": {
      "version": "1.8.4",
      "resolved": "https://registry.npmjs.org/lefthook-linux-arm64/-/lefthook-linux-arm64-1.8.4.tgz",
      "integrity": "sha512-CXNcqIskLwTwQARidGdFqmNxpvOU3jsWPK4KA7pq2+QmlWJ64w98ebMvNBoUmRUCXqzmUm7Udf/jpfz2fobewQ==",
      "dev": true,
      "optional": true
    },
    "lefthook-linux-x64": {
      "version": "1.8.4",
      "resolved": "https://registry.npmjs.org/lefthook-linux-x64/-/lefthook-linux-x64-1.8.4.tgz",
      "integrity": "sha512-pVNITkFBxUCEtamWSM/res2Gd48+m9YKbNyIBndAuZVC5pKV5aGKZy2DNq6PWUPYiUDPx+7hoAtCJg/tlAiqhw==",
      "dev": true,
      "optional": true
    },
    "lefthook-openbsd-arm64": {
      "version": "1.8.4",
      "resolved": "https://registry.npmjs.org/lefthook-openbsd-arm64/-/lefthook-openbsd-arm64-1.8.4.tgz",
      "integrity": "sha512-l+i/Dg5X36kYzhpMGSPE3rMbWy1KSytbLB9lY1PmxYb6LRH6iQTYIoxvLabVUwSBPSq8HtIFa50+bvC5+scfVA==",
      "dev": true,
      "optional": true
    },
    "lefthook-openbsd-x64": {
      "version": "1.8.4",
      "resolved": "https://registry.npmjs.org/lefthook-openbsd-x64/-/lefthook-openbsd-x64-1.8.4.tgz",
      "integrity": "sha512-CqhDDPPX8oHzMLgNi/Reba823DRzj+eMNWQ8axvSiIG+zmG1w20xZH5QSs/mD3tjrND90yfDd90mWMt181qPyA==",
      "dev": true,
      "optional": true
    },
    "lefthook-windows-arm64": {
      "version": "1.8.4",
      "resolved": "https://registry.npmjs.org/lefthook-windows-arm64/-/lefthook-windows-arm64-1.8.4.tgz",
      "integrity": "sha512-dvpvorICmVjmw29Aiczg7DcaSzkd86bEBomiGq4UsAEk3+7ExLrlWJDLFsI6xLjMKmTxy+F7eXb2uDtuFC1N4g==",
      "dev": true,
      "optional": true
    },
    "lefthook-windows-x64": {
      "version": "1.8.4",
      "resolved": "https://registry.npmjs.org/lefthook-windows-x64/-/lefthook-windows-x64-1.8.4.tgz",
      "integrity": "sha512-e+y8Jt4/7PnoplhOuK48twjGVJEsU4T3J5kxD4mWfl6Cbit0YSn4bme9nW41eqCqTUqOm+ky29XlfnPHFX5ZNA==",
      "dev": true,
      "optional": true
    },
    "lunr": {
      "version": "2.3.9",
      "resolved": "https://registry.npmjs.org/lunr/-/lunr-2.3.9.tgz",
      "integrity": "sha512-zTU3DaZaF3Rt9rhN3uBMGQD3dD2/vFQqnvZCDv4dl5iOzq2IZQqTxu90r4E5J+nP70J3ilqVCrbho2eWaeW8Ow==",
      "dev": true
    },
    "lunr-languages": {
      "version": "1.14.0",
      "resolved": "https://registry.npmjs.org/lunr-languages/-/lunr-languages-1.14.0.tgz",
      "integrity": "sha512-hWUAb2KqM3L7J5bcrngszzISY4BxrXn/Xhbb9TTCJYEGqlR1nG67/M14sp09+PTIRklobrn57IAxcdcO/ZFyNA==",
      "dev": true
    },
    "prettier": {
      "version": "3.3.3",
      "resolved": "https://registry.npmjs.org/prettier/-/prettier-3.3.3.tgz",
      "integrity": "sha512-i2tDNA0O5IrMO757lfrdQZCc2jPNDVntV0m/+4whiDfWaTKfMNgR7Qz0NAeGz/nRqF4m5/6CLzbP4/liHt12Ew==",
      "dev": true
    },
    "regexp-to-ast": {
      "version": "0.5.0",
      "resolved": "https://registry.npmjs.org/regexp-to-ast/-/regexp-to-ast-0.5.0.tgz",
      "integrity": "sha512-tlbJqcMHnPKI9zSrystikWKwHkBqu2a/Sgw01h3zFjvYrMxEDYHzzoMZnUrbIfpTFEsoRnnviOXNCzFiSc54Qw==",
      "dev": true
    }
  }
}
