{
  "name": "dita-bootstrap.lunr",
  "lockfileVersion": 2,
  "requires": true,
  "packages": {
    "": {
      "name": "dita-bootstrap.lunr",
      "license": "Apache-2.0",
      "devDependencies": {
        "@prettier/plugin-xml": "3.4.1",
        "lefthook": "^1.11.6",
        "lunr": "^2.3.9",
        "lunr-languages": "^1.14.0",
        "prettier": "3.5.3"
      }
    },
    "node_modules/@prettier/plugin-xml": {
      "version": "3.4.1",
      "resolved": "https://registry.npmjs.org/@prettier/plugin-xml/-/plugin-xml-3.4.1.tgz",
      "integrity": "sha512-Uf/6/+9ez6z/IvZErgobZ2G9n1ybxF5BhCd7eMcKqfoWuOzzNUxBipNo3QAP8kRC1VD18TIo84no7LhqtyDcTg==",
      "dev": true,
      "dependencies": {
        "@xml-tools/parser": "^1.0.11"
      },
      "peerDependencies": {
        "prettier": "^3.0.0"
      }
    },
    "node_modules/@xml-tools/parser": {
      "version": "1.0.11",
      "resolved": "https://registry.npmjs.org/@xml-tools/parser/-/parser-1.0.11.tgz",
      "integrity": "sha512-aKqQ077XnR+oQtHJlrAflaZaL7qZsulWc/i/ZEooar5JiWj1eLt0+Wg28cpa+XLney107wXqneC+oG1IZvxkTA==",
      "dev": true,
      "dependencies": {
        "chevrotain": "7.1.1"
      }
    },
    "node_modules/chevrotain": {
      "version": "7.1.1",
      "resolved": "https://registry.npmjs.org/chevrotain/-/chevrotain-7.1.1.tgz",
      "integrity": "sha512-wy3mC1x4ye+O+QkEinVJkPf5u2vsrDIYW9G7ZuwFl6v/Yu0LwUuT2POsb+NUWApebyxfkQq6+yDfRExbnI5rcw==",
      "dev": true,
      "dependencies": {
        "regexp-to-ast": "0.5.0"
      }
    },
    "node_modules/lefthook": {
      "version": "1.11.6",
      "resolved": "https://registry.npmjs.org/lefthook/-/lefthook-1.11.6.tgz",
      "integrity": "sha512-j0VmMM50WlPDassmgvapRum9po29Tv1BXzBNFpzGkk9E91CEG9jKik/OHyH/r/na+q8qNIUUyPL6QQuTN/UhQQ==",
      "dev": true,
      "hasInstallScript": true,
      "license": "MIT",
      "bin": {
        "lefthook": "bin/index.js"
      },
      "optionalDependencies": {
        "lefthook-darwin-arm64": "1.11.6",
        "lefthook-darwin-x64": "1.11.6",
        "lefthook-freebsd-arm64": "1.11.6",
        "lefthook-freebsd-x64": "1.11.6",
        "lefthook-linux-arm64": "1.11.6",
        "lefthook-linux-x64": "1.11.6",
        "lefthook-openbsd-arm64": "1.11.6",
        "lefthook-openbsd-x64": "1.11.6",
        "lefthook-windows-arm64": "1.11.6",
        "lefthook-windows-x64": "1.11.6"
      }
    },
    "node_modules/lefthook-darwin-arm64": {
      "version": "1.11.6",
      "resolved": "https://registry.npmjs.org/lefthook-darwin-arm64/-/lefthook-darwin-arm64-1.11.6.tgz",
      "integrity": "sha512-gWgdWrKgZgX+bKc6Vs/x7JkO+58lLOpRzpteLx//82D0MKVPlNZwjd4zz4AbIBXtM4Hcj+6gSsOzQ7QDXxjVvQ==",
      "cpu": [
        "arm64"
      ],
      "dev": true,
      "license": "MIT",
      "optional": true,
      "os": [
        "darwin"
      ]
    },
    "node_modules/lefthook-darwin-x64": {
      "version": "1.11.6",
      "resolved": "https://registry.npmjs.org/lefthook-darwin-x64/-/lefthook-darwin-x64-1.11.6.tgz",
      "integrity": "sha512-Ia0TjTKuYcSaDTuoCnbWtpPZ2VEoKzgn33OB90VjNaSVs4ooE0PIdpO+w00x1elqIaf1pbrpq6HgeB26Du8KbQ==",
      "cpu": [
        "x64"
      ],
      "dev": true,
      "license": "MIT",
      "optional": true,
      "os": [
        "darwin"
      ]
    },
    "node_modules/lefthook-freebsd-arm64": {
      "version": "1.11.6",
      "resolved": "https://registry.npmjs.org/lefthook-freebsd-arm64/-/lefthook-freebsd-arm64-1.11.6.tgz",
      "integrity": "sha512-PxIwj+hmjLahyzEmcIfalIBDhgklAQCavwM4sGCgbzDi4/+VQX+4aEs4pQqtd7v3aohmjtO/4n2emzTI8donww==",
      "cpu": [
        "arm64"
      ],
      "dev": true,
      "license": "MIT",
      "optional": true,
      "os": [
        "freebsd"
      ]
    },
    "node_modules/lefthook-freebsd-x64": {
      "version": "1.11.6",
      "resolved": "https://registry.npmjs.org/lefthook-freebsd-x64/-/lefthook-freebsd-x64-1.11.6.tgz",
      "integrity": "sha512-3o1lMKxz1VtWaP/o117wgUn3ZOpefMoSf+8LuiTzI3/PDprIuzgyw2nXKlBZAMDpNPHMNnJeQNts9XLMRmkldg==",
      "cpu": [
        "x64"
      ],
      "dev": true,
      "license": "MIT",
      "optional": true,
      "os": [
        "freebsd"
      ]
    },
    "node_modules/lefthook-linux-arm64": {
      "version": "1.11.6",
      "resolved": "https://registry.npmjs.org/lefthook-linux-arm64/-/lefthook-linux-arm64-1.11.6.tgz",
      "integrity": "sha512-nKPFZ5cA9f5tVn0ybDVqcXXlpTHZqo05N4KQRhWTj5Nem+JoD2YzJIlvZhdJhUrldERqj6deDMXChH5T3z4Rrw==",
      "cpu": [
        "arm64"
      ],
      "dev": true,
      "license": "MIT",
      "optional": true,
      "os": [
        "linux"
      ]
    },
    "node_modules/lefthook-linux-x64": {
      "version": "1.11.6",
      "resolved": "https://registry.npmjs.org/lefthook-linux-x64/-/lefthook-linux-x64-1.11.6.tgz",
      "integrity": "sha512-naN8dllLCOEeP+wznLnq+oXrs1dvt/iMLkcl+pOPWLqFccPfDiHzr8V8GslaTa+rSFsAnvjR7SJIOi5C29xedA==",
      "cpu": [
        "x64"
      ],
      "dev": true,
      "license": "MIT",
      "optional": true,
      "os": [
        "linux"
      ]
    },
    "node_modules/lefthook-openbsd-arm64": {
      "version": "1.11.6",
      "resolved": "https://registry.npmjs.org/lefthook-openbsd-arm64/-/lefthook-openbsd-arm64-1.11.6.tgz",
      "integrity": "sha512-dPxhJfYQ667T+U3pz1+O3mTRNHzXH/BvPlXSH+oy8uiSry4AtVNRXkVvXPUcpLlrAy6HuFYodsrpCIlWFeYwiQ==",
      "cpu": [
        "arm64"
      ],
      "dev": true,
      "license": "MIT",
      "optional": true,
      "os": [
        "openbsd"
      ]
    },
    "node_modules/lefthook-openbsd-x64": {
      "version": "1.11.6",
      "resolved": "https://registry.npmjs.org/lefthook-openbsd-x64/-/lefthook-openbsd-x64-1.11.6.tgz",
      "integrity": "sha512-9D26kcSsjiW4D0AuVDdi+0ZqrsOzRWOpMS/kcUbLfrU99yCvma0rMTqKbbDMkVur/znS7qL53oGahXCXDNA+IQ==",
      "cpu": [
        "x64"
      ],
      "dev": true,
      "license": "MIT",
      "optional": true,
      "os": [
        "openbsd"
      ]
    },
    "node_modules/lefthook-windows-arm64": {
      "version": "1.11.6",
      "resolved": "https://registry.npmjs.org/lefthook-windows-arm64/-/lefthook-windows-arm64-1.11.6.tgz",
      "integrity": "sha512-xdCenr4+BFnfBEhiXj6GJp02EPmcwTAGa7NYm6hVTfDwGXw24tuLv7lpnGjgK3kovN6EukgLH1FYkeyDOBEMnA==",
      "cpu": [
        "arm64"
      ],
      "dev": true,
      "license": "MIT",
      "optional": true,
      "os": [
        "win32"
      ]
    },
    "node_modules/lefthook-windows-x64": {
      "version": "1.11.6",
      "resolved": "https://registry.npmjs.org/lefthook-windows-x64/-/lefthook-windows-x64-1.11.6.tgz",
      "integrity": "sha512-Fg2GzLhzeDV/GX8+ydrI0wBOytQWpPkNdngx+a8B/feCDbwjAiFklDG5oV4ytuWrtg1JPEEWLJd6nHefj4wtHA==",
      "cpu": [
        "x64"
      ],
      "dev": true,
      "license": "MIT",
      "optional": true,
      "os": [
        "win32"
      ]
    },
    "node_modules/lunr": {
      "version": "2.3.9",
      "resolved": "https://registry.npmjs.org/lunr/-/lunr-2.3.9.tgz",
      "integrity": "sha512-zTU3DaZaF3Rt9rhN3uBMGQD3dD2/vFQqnvZCDv4dl5iOzq2IZQqTxu90r4E5J+nP70J3ilqVCrbho2eWaeW8Ow==",
      "dev": true
    },
    "node_modules/lunr-languages": {
      "version": "1.14.0",
      "resolved": "https://registry.npmjs.org/lunr-languages/-/lunr-languages-1.14.0.tgz",
      "integrity": "sha512-hWUAb2KqM3L7J5bcrngszzISY4BxrXn/Xhbb9TTCJYEGqlR1nG67/M14sp09+PTIRklobrn57IAxcdcO/ZFyNA==",
      "dev": true
    },
    "node_modules/prettier": {
      "version": "3.5.3",
      "resolved": "https://registry.npmjs.org/prettier/-/prettier-3.5.3.tgz",
      "integrity": "sha512-QQtaxnoDJeAkDvDKWCLiwIXkTgRhwYDEQCghU9Z6q03iyek/rxRh/2lC3HB7P8sWT2xC/y5JDctPLBIGzHKbhw==",
      "dev": true,
      "license": "MIT",
      "bin": {
        "prettier": "bin/prettier.cjs"
      },
      "engines": {
        "node": ">=14"
      },
      "funding": {
        "url": "https://github.com/prettier/prettier?sponsor=1"
      }
    },
    "node_modules/regexp-to-ast": {
      "version": "0.5.0",
      "resolved": "https://registry.npmjs.org/regexp-to-ast/-/regexp-to-ast-0.5.0.tgz",
      "integrity": "sha512-tlbJqcMHnPKI9zSrystikWKwHkBqu2a/Sgw01h3zFjvYrMxEDYHzzoMZnUrbIfpTFEsoRnnviOXNCzFiSc54Qw==",
      "dev": true
    }
  },
  "dependencies": {
    "@prettier/plugin-xml": {
      "version": "3.4.1",
      "resolved": "https://registry.npmjs.org/@prettier/plugin-xml/-/plugin-xml-3.4.1.tgz",
      "integrity": "sha512-Uf/6/+9ez6z/IvZErgobZ2G9n1ybxF5BhCd7eMcKqfoWuOzzNUxBipNo3QAP8kRC1VD18TIo84no7LhqtyDcTg==",
      "dev": true,
      "requires": {
        "@xml-tools/parser": "^1.0.11"
      }
    },
    "@xml-tools/parser": {
      "version": "1.0.11",
      "resolved": "https://registry.npmjs.org/@xml-tools/parser/-/parser-1.0.11.tgz",
      "integrity": "sha512-aKqQ077XnR+oQtHJlrAflaZaL7qZsulWc/i/ZEooar5JiWj1eLt0+Wg28cpa+XLney107wXqneC+oG1IZvxkTA==",
      "dev": true,
      "requires": {
        "chevrotain": "7.1.1"
      }
    },
    "chevrotain": {
      "version": "7.1.1",
      "resolved": "https://registry.npmjs.org/chevrotain/-/chevrotain-7.1.1.tgz",
      "integrity": "sha512-wy3mC1x4ye+O+QkEinVJkPf5u2vsrDIYW9G7ZuwFl6v/Yu0LwUuT2POsb+NUWApebyxfkQq6+yDfRExbnI5rcw==",
      "dev": true,
      "requires": {
        "regexp-to-ast": "0.5.0"
      }
    },
    "lefthook": {
      "version": "1.11.6",
      "resolved": "https://registry.npmjs.org/lefthook/-/lefthook-1.11.6.tgz",
      "integrity": "sha512-j0VmMM50WlPDassmgvapRum9po29Tv1BXzBNFpzGkk9E91CEG9jKik/OHyH/r/na+q8qNIUUyPL6QQuTN/UhQQ==",
      "dev": true,
      "requires": {
        "lefthook-darwin-arm64": "1.11.6",
        "lefthook-darwin-x64": "1.11.6",
        "lefthook-freebsd-arm64": "1.11.6",
        "lefthook-freebsd-x64": "1.11.6",
        "lefthook-linux-arm64": "1.11.6",
        "lefthook-linux-x64": "1.11.6",
        "lefthook-openbsd-arm64": "1.11.6",
        "lefthook-openbsd-x64": "1.11.6",
        "lefthook-windows-arm64": "1.11.6",
        "lefthook-windows-x64": "1.11.6"
      }
    },
    "lefthook-darwin-arm64": {
      "version": "1.11.6",
      "resolved": "https://registry.npmjs.org/lefthook-darwin-arm64/-/lefthook-darwin-arm64-1.11.6.tgz",
      "integrity": "sha512-gWgdWrKgZgX+bKc6Vs/x7JkO+58lLOpRzpteLx//82D0MKVPlNZwjd4zz4AbIBXtM4Hcj+6gSsOzQ7QDXxjVvQ==",
      "dev": true,
      "optional": true
    },
    "lefthook-darwin-x64": {
      "version": "1.11.6",
      "resolved": "https://registry.npmjs.org/lefthook-darwin-x64/-/lefthook-darwin-x64-1.11.6.tgz",
      "integrity": "sha512-Ia0TjTKuYcSaDTuoCnbWtpPZ2VEoKzgn33OB90VjNaSVs4ooE0PIdpO+w00x1elqIaf1pbrpq6HgeB26Du8KbQ==",
      "dev": true,
      "optional": true
    },
    "lefthook-freebsd-arm64": {
      "version": "1.11.6",
      "resolved": "https://registry.npmjs.org/lefthook-freebsd-arm64/-/lefthook-freebsd-arm64-1.11.6.tgz",
      "integrity": "sha512-PxIwj+hmjLahyzEmcIfalIBDhgklAQCavwM4sGCgbzDi4/+VQX+4aEs4pQqtd7v3aohmjtO/4n2emzTI8donww==",
      "dev": true,
      "optional": true
    },
    "lefthook-freebsd-x64": {
      "version": "1.11.6",
      "resolved": "https://registry.npmjs.org/lefthook-freebsd-x64/-/lefthook-freebsd-x64-1.11.6.tgz",
      "integrity": "sha512-3o1lMKxz1VtWaP/o117wgUn3ZOpefMoSf+8LuiTzI3/PDprIuzgyw2nXKlBZAMDpNPHMNnJeQNts9XLMRmkldg==",
      "dev": true,
      "optional": true
    },
    "lefthook-linux-arm64": {
      "version": "1.11.6",
      "resolved": "https://registry.npmjs.org/lefthook-linux-arm64/-/lefthook-linux-arm64-1.11.6.tgz",
      "integrity": "sha512-nKPFZ5cA9f5tVn0ybDVqcXXlpTHZqo05N4KQRhWTj5Nem+JoD2YzJIlvZhdJhUrldERqj6deDMXChH5T3z4Rrw==",
      "dev": true,
      "optional": true
    },
    "lefthook-linux-x64": {
      "version": "1.11.6",
      "resolved": "https://registry.npmjs.org/lefthook-linux-x64/-/lefthook-linux-x64-1.11.6.tgz",
      "integrity": "sha512-naN8dllLCOEeP+wznLnq+oXrs1dvt/iMLkcl+pOPWLqFccPfDiHzr8V8GslaTa+rSFsAnvjR7SJIOi5C29xedA==",
      "dev": true,
      "optional": true
    },
    "lefthook-openbsd-arm64": {
      "version": "1.11.6",
      "resolved": "https://registry.npmjs.org/lefthook-openbsd-arm64/-/lefthook-openbsd-arm64-1.11.6.tgz",
      "integrity": "sha512-dPxhJfYQ667T+U3pz1+O3mTRNHzXH/BvPlXSH+oy8uiSry4AtVNRXkVvXPUcpLlrAy6HuFYodsrpCIlWFeYwiQ==",
      "dev": true,
      "optional": true
    },
    "lefthook-openbsd-x64": {
      "version": "1.11.6",
      "resolved": "https://registry.npmjs.org/lefthook-openbsd-x64/-/lefthook-openbsd-x64-1.11.6.tgz",
      "integrity": "sha512-9D26kcSsjiW4D0AuVDdi+0ZqrsOzRWOpMS/kcUbLfrU99yCvma0rMTqKbbDMkVur/znS7qL53oGahXCXDNA+IQ==",
      "dev": true,
      "optional": true
    },
    "lefthook-windows-arm64": {
      "version": "1.11.6",
      "resolved": "https://registry.npmjs.org/lefthook-windows-arm64/-/lefthook-windows-arm64-1.11.6.tgz",
      "integrity": "sha512-xdCenr4+BFnfBEhiXj6GJp02EPmcwTAGa7NYm6hVTfDwGXw24tuLv7lpnGjgK3kovN6EukgLH1FYkeyDOBEMnA==",
      "dev": true,
      "optional": true
    },
    "lefthook-windows-x64": {
      "version": "1.11.6",
      "resolved": "https://registry.npmjs.org/lefthook-windows-x64/-/lefthook-windows-x64-1.11.6.tgz",
      "integrity": "sha512-Fg2GzLhzeDV/GX8+ydrI0wBOytQWpPkNdngx+a8B/feCDbwjAiFklDG5oV4ytuWrtg1JPEEWLJd6nHefj4wtHA==",
      "dev": true,
      "optional": true
    },
    "lunr": {
      "version": "2.3.9",
      "resolved": "https://registry.npmjs.org/lunr/-/lunr-2.3.9.tgz",
      "integrity": "sha512-zTU3DaZaF3Rt9rhN3uBMGQD3dD2/vFQqnvZCDv4dl5iOzq2IZQqTxu90r4E5J+nP70J3ilqVCrbho2eWaeW8Ow==",
      "dev": true
    },
    "lunr-languages": {
      "version": "1.14.0",
      "resolved": "https://registry.npmjs.org/lunr-languages/-/lunr-languages-1.14.0.tgz",
      "integrity": "sha512-hWUAb2KqM3L7J5bcrngszzISY4BxrXn/Xhbb9TTCJYEGqlR1nG67/M14sp09+PTIRklobrn57IAxcdcO/ZFyNA==",
      "dev": true
    },
    "prettier": {
      "version": "3.5.3",
      "resolved": "https://registry.npmjs.org/prettier/-/prettier-3.5.3.tgz",
      "integrity": "sha512-QQtaxnoDJeAkDvDKWCLiwIXkTgRhwYDEQCghU9Z6q03iyek/rxRh/2lC3HB7P8sWT2xC/y5JDctPLBIGzHKbhw==",
      "dev": true
    },
    "regexp-to-ast": {
      "version": "0.5.0",
      "resolved": "https://registry.npmjs.org/regexp-to-ast/-/regexp-to-ast-0.5.0.tgz",
      "integrity": "sha512-tlbJqcMHnPKI9zSrystikWKwHkBqu2a/Sgw01h3zFjvYrMxEDYHzzoMZnUrbIfpTFEsoRnnviOXNCzFiSc54Qw==",
      "dev": true
    }
  }
}
